
Microsoft Visual Studio Solution File, Format Version 12.00
# Visual Studio 15
VisualStudioVersion = 15.0.27004.2006
MinimumVisualStudioVersion = 10.0.40219.1
Project("{8BC9CEB8-8B4A-11D0-8D11-00A0C91BC942}") = "CFlat.Compiler", "CFlat.Compiler\CFlat.Compiler.vcxproj", "{A455BAD2-DF4F-46C6-AE63-9B23BDA62D38}"
	ProjectSection(ProjectDependencies) = postProject
		{9C532CDA-BB89-4A6A-934C-CBC5CD94BC02} = {9C532CDA-BB89-4A6A-934C-CBC5CD94BC02}
	EndProjectSection
EndProject
Project("{8BC9CEB8-8B4A-11D0-8D11-00A0C91BC942}") = "CFlat.Core", "CFlat.Core\CFlat.Core.vcxproj", "{9C532CDA-BB89-4A6A-934C-CBC5CD94BC02}"
EndProject
Global
	GlobalSection(SolutionConfigurationPlatforms) = preSolution
		Debug|Win32 = Debug|Win32
		Debug|x64 = Debug|x64
		Release|Win32 = Release|Win32
		Release|x64 = Release|x64
	EndGlobalSection
	GlobalSection(ProjectConfigurationPlatforms) = postSolution
		{A455BAD2-DF4F-46C6-AE63-9B23BDA62D38}.Debug|Win32.ActiveCfg = Debug|Win32
		{A455BAD2-DF4F-46C6-AE63-9B23BDA62D38}.Debug|Win32.Build.0 = Debug|Win32
		{A455BAD2-DF4F-46C6-AE63-9B23BDA62D38}.Debug|x64.ActiveCfg = Debug|Win32
		{A455BAD2-DF4F-46C6-AE63-9B23BDA62D38}.Release|Win32.ActiveCfg = Release|Win32
		{A455BAD2-DF4F-46C6-AE63-9B23BDA62D38}.Release|Win32.Build.0 = Release|Win32
		{A455BAD2-DF4F-46C6-AE63-9B23BDA62D38}.Release|x64.ActiveCfg = Release|Win32
		{9C532CDA-BB89-4A6A-934C-CBC5CD94BC02}.Debug|Win32.ActiveCfg = Debug|Win32
		{9C532CDA-BB89-4A6A-934C-CBC5CD94BC02}.Debug|Win32.Build.0 = Debug|Win32
		{9C532CDA-BB89-4A6A-934C-CBC5CD94BC02}.Debug|x64.ActiveCfg = Debug|Win32
		{9C532CDA-BB89-4A6A-934C-CBC5CD94BC02}.Release|Win32.ActiveCfg = Release|Win32
		{9C532CDA-BB89-4A6A-934C-CBC5CD94BC02}.Release|Win32.Build.0 = Release|Win32
		{9C532CDA-BB89-4A6A-934C-CBC5CD94BC02}.Release|x64.ActiveCfg = Release|Win32
	EndGlobalSection
	GlobalSection(SolutionProperties) = preSolution
		HideSolutionNode = FALSE
	EndGlobalSection
	GlobalSection(ExtensibilityGlobals) = postSolution
		SolutionGuid = {8DBCFFE5-0FA0-42B7-9893-41D3CE3AC973}
	EndGlobalSection
EndGlobal
