<?xml version="1.0" encoding="utf-8"?>
<Project ToolsVersion="4.0" xmlns="http://schemas.microsoft.com/developer/msbuild/2003">
  <ItemGroup>
    <Filter Include="Source Files">
      <UniqueIdentifier>{4FC737F1-C7A5-4376-A066-2A32D752A2FF}</UniqueIdentifier>
      <Extensions>cpp;c;cc;cxx;def;odl;idl;hpj;bat;asm;asmx</Extensions>
    </Filter>
    <Filter Include="Header Files">
      <UniqueIdentifier>{93995380-89BD-4b04-88EB-625FBE52EBFB}</UniqueIdentifier>
      <Extensions>h;hh;hpp;hxx;hm;inl;inc;xsd</Extensions>
    </Filter>
    <Filter Include="Resource Files">
      <UniqueIdentifier>{67DA6AB6-F800-4c08-8B7A-83BB121AAD01}</UniqueIdentifier>
      <Extensions>rc;ico;cur;bmp;dlg;rc2;rct;bin;rgs;gif;jpg;jpeg;jpe;resx;tiff;tif;png;wav;mfcribbon-ms</Extensions>
    </Filter>
  </ItemGroup>
  <ItemGroup>
    <ClInclude Include="include\CFlat\Language\Integer.h">
      <Filter>Header Files</Filter>
    </ClInclude>
    <ClInclude Include="include\CFlat\Language\Null.h">
      <Filter>Header Files</Filter>
    </ClInclude>
    <ClInclude Include="include\CFlat.h">
      <Filter>Header Files</Filter>
    </ClInclude>
    <ClInclude Include="include\CFlat\Memory.h">
      <Filter>Header Files</Filter>
    </ClInclude>
    <ClInclude Include="include\CFlat\Object.h">
      <Filter>Header Files</Filter>
    </ClInclude>
    <ClInclude Include="include\CFlat\String.h">
      <Filter>Header Files</Filter>
    </ClInclude>
    <ClInclude Include="include\CFlat\CString.h">
      <Filter>Header Files</Filter>
    </ClInclude>
    <ClInclude Include="include\CFlat\StringBuilder.h">
      <Filter>Header Files</Filter>
    </ClInclude>
    <ClInclude Include="include\CFlat\Language\Exceptions.h">
      <Filter>Header Files</Filter>
    </ClInclude>
    <ClInclude Include="include\CFlat\ExceptionType.h">
      <Filter>Header Files</Filter>
    </ClInclude>
    <ClInclude Include="include\CFlat\Validate.h">
      <Filter>Header Files</Filter>
    </ClInclude>
    <ClInclude Include="include\CFlat\Math.h">
      <Filter>Header Files</Filter>
    </ClInclude>
    <ClInclude Include="include\CFlat\Language\Char.h">
      <Filter>Header Files</Filter>
    </ClInclude>
    <ClInclude Include="include\CFlat\Language\Double.h">
      <Filter>Header Files</Filter>
    </ClInclude>
    <ClInclude Include="include\CFlat\Language\Float.h">
      <Filter>Header Files</Filter>
    </ClInclude>
    <ClInclude Include="include\CFlat\Language\Bool.h">
      <Filter>Header Files</Filter>
    </ClInclude>
    <ClInclude Include="include\CFlat\Language\Constants.h">
      <Filter>Header Files</Filter>
    </ClInclude>
    <ClInclude Include="src\CFlat\String.internal.h">
      <Filter>Header Files</Filter>
    </ClInclude>
    <ClInclude Include="src\CFlat\StringBuilder.internal.h">
      <Filter>Header Files</Filter>
    </ClInclude>
    <ClInclude Include="src\CFlat\Macros.h">
      <Filter>Header Files</Filter>
    </ClInclude>
    <ClInclude Include="include\CFlat\Language\Keywords.h">
      <Filter>Header Files</Filter>
    </ClInclude>
    <ClInclude Include="src\CFlat\Number.h">
      <Filter>Header Files</Filter>
    </ClInclude>
    <ClInclude Include="src\CFlat\Language\Integer.internal.h">
      <Filter>Header Files</Filter>
    </ClInclude>
    <ClInclude Include="src\CFlat\Language\Double.internal.h">
      <Filter>Header Files</Filter>
    </ClInclude>
    <ClInclude Include="src\CFlat\Language\Float.internal.h">
      <Filter>Header Files</Filter>
    </ClInclude>
    <ClInclude Include="include\CFlat\Language\Assert.h">
      <Filter>Header Files</Filter>
    </ClInclude>
    <ClInclude Include="include\CFlat\Language\VarArgs.h">
      <Filter>Header Files</Filter>
    </ClInclude>
    <ClInclude Include="include\CFlat\Collections\IEnumerable.h">
      <Filter>Header Files</Filter>
    </ClInclude>
    <ClInclude Include="include\CFlat\Collections\IEnumerator.h">
      <Filter>Header Files</Filter>
    </ClInclude>
    <ClInclude Include="include\CFlat\Collections\List.h">
      <Filter>Header Files</Filter>
    </ClInclude>
    <ClInclude Include="src\CFlat\Collections\List.internal.h">
      <Filter>Header Files</Filter>
    </ClInclude>
    <ClInclude Include="include\CFlat\Collections\IList.h">
      <Filter>Header Files</Filter>
    </ClInclude>
    <ClInclude Include="include\CFlat\Collections\ICollection.h">
      <Filter>Header Files</Filter>
    </ClInclude>
    <ClInclude Include="include\CFlat\Language\Functions.h">
      <Filter>Header Files</Filter>
    </ClInclude>
    <ClInclude Include="src\CFlat\Number.NumberBuffer.h">
      <Filter>Header Files</Filter>
    </ClInclude>
    <ClInclude Include="include\CFlat\Collections\PointerList.h">
      <Filter>Header Files</Filter>
    </ClInclude>
    <ClInclude Include="src\CFlat\Collections\PointerList.internal.h">
      <Filter>Header Files</Filter>
    </ClInclude>
    <ClInclude Include="include\CFlat\Collections\ObjectList.h">
      <Filter>Header Files</Filter>
    </ClInclude>
    <ClInclude Include="src\CFlat\Collections\ObjectList.internal.h">
      <Filter>Header Files</Filter>
    </ClInclude>
    <ClInclude Include="include\CFlat\IO\SeekOrigin.h">
      <Filter>Header Files</Filter>
    </ClInclude>
    <ClInclude Include="include\CFlat\IO\Stream.h">
      <Filter>Header Files</Filter>
    </ClInclude>
    <ClInclude Include="include\CFlat\IO\StreamReader.h">
      <Filter>Header Files</Filter>
    </ClInclude>
    <ClInclude Include="include\CFlat\IO\StreamWriter.h">
      <Filter>Header Files</Filter>
    </ClInclude>
    <ClInclude Include="include\CFlat\IO\StringReader.h">
      <Filter>Header Files</Filter>
    </ClInclude>
    <ClInclude Include="include\CFlat\IO\StringWriter.h">
      <Filter>Header Files</Filter>
    </ClInclude>
    <ClInclude Include="include\CFlat\IO\TextReader.h">
      <Filter>Header Files</Filter>
    </ClInclude>
    <ClInclude Include="include\CFlat\IO\TextWriter.h">
      <Filter>Header Files</Filter>
    </ClInclude>
    <ClInclude Include="src\CFlat\IO\StringReader.internal.h">
      <Filter>Header Files</Filter>
    </ClInclude>
    <ClInclude Include="include\CFlat\Console.h">
      <Filter>Header Files</Filter>
    </ClInclude>
    <ClInclude Include="include\CFlat\IO\FileAccess.h">
      <Filter>Header Files</Filter>
    </ClInclude>
    <ClInclude Include="include\CFlat\IO\FileMode.h">
      <Filter>Header Files</Filter>
    </ClInclude>
    <ClInclude Include="include\CFlat\IO\FileStream.h">
      <Filter>Header Files</Filter>
    </ClInclude>
    <ClInclude Include="include\CFlat\IO\StreamReader.h">
      <Filter>Header Files</Filter>
    </ClInclude>
    <ClInclude Include="include\CFlat\IO\StreamWriter.h">
      <Filter>Header Files</Filter>
    </ClInclude>
    <ClInclude Include="include\CFlat\IO\StringWriter.h">
      <Filter>Header Files</Filter>
    </ClInclude>
    <ClInclude Include="include\CFlat\IO\TextReader.h">
      <Filter>Header Files</Filter>
    </ClInclude>
    <ClInclude Include="include\CFlat\IO\TextWriter.h">
      <Filter>Header Files</Filter>
    </ClInclude>
    <ClInclude Include="src\CFlat\const_cast.h">
      <Filter>Header Files</Filter>
    </ClInclude>
    <ClInclude Include="include\CFlat\Event.h">
      <Filter>Header Files</Filter>
    </ClInclude>
    <ClInclude Include="src\CFlat\Environment.internal.h">
      <Filter>Header Files</Filter>
    </ClInclude>
    <ClInclude Include="include\CFlat\Environment.h">
      <Filter>Header Files</Filter>
    </ClInclude>
    <ClInclude Include="src\CFlat\Console.internal.h">
      <Filter>Header Files</Filter>
    </ClInclude>
    <ClInclude Include="include\CFlat\CFlatException.h">
      <Filter>Header Files</Filter>
    </ClInclude>
    <ClInclude Include="src\CFlat\CFlatException.internal.h">
      <Filter>Header Files</Filter>
    </ClInclude>
    <ClInclude Include="src\CFlat\Language\Bool.internal.h">
      <Filter>Header Files</Filter>
    </ClInclude>
    <ClInclude Include="src\CFlat\StringEnumerator.h">
      <Filter>Header Files</Filter>
    </ClInclude>
    <ClInclude Include="include\CFlat\Collections\IReadOnlyCollection.h">
      <Filter>Header Files</Filter>
    </ClInclude>
    <ClInclude Include="include\CFlat\Collections\IReadOnlyList.h">
      <Filter>Header Files</Filter>
    </ClInclude>
    <ClInclude Include="include\CFlat\Collections\Array.h">
      <Filter>Header Files</Filter>
    </ClInclude>
    <ClInclude Include="src\CFlat\Collections\Array.internal.h">
      <Filter>Header Files</Filter>
    </ClInclude>
    <ClInclude Include="src\CFlat\Collections\PointerArray.internal.h">
      <Filter>Header Files</Filter>
    </ClInclude>
    <ClInclude Include="include\CFlat\Collections\PointerArray.h">
      <Filter>Header Files</Filter>
    </ClInclude>
    <ClInclude Include="include\CFlat\Collections\ObjectArray.h">
      <Filter>Header Files</Filter>
    </ClInclude>
    <ClInclude Include="src\CFlat\Collections\ObjectArray.internal.h">
      <Filter>Header Files</Filter>
    </ClInclude>
    <ClInclude Include="src\CFlat\Collections\ListEnumerator.h">
      <Filter>Header Files</Filter>
    </ClInclude>
    <ClInclude Include="include\CFlat\Collections\Enumerable.h">
      <Filter>Header Files</Filter>
    </ClInclude>
    <ClInclude Include="src\CFlat\Collections\Enumerable.ConcatMany.Enumerator.h">
      <Filter>Header Files</Filter>
    </ClInclude>
    <ClInclude Include="src\CFlat\Collections\Enumerable.ConcatMany.h">
      <Filter>Header Files</Filter>
    </ClInclude>
    <ClInclude Include="src\CFlat\Collections\Enumerable.ConcatTwo.Enumerator.h">
      <Filter>Header Files</Filter>
    </ClInclude>
    <ClInclude Include="src\CFlat\Collections\Enumerable.ConcatTwo.h">
      <Filter>Header Files</Filter>
    </ClInclude>
    <ClInclude Include="src\CFlat\Collections\Enumerable.Empty.Enumerator.h">
      <Filter>Header Files</Filter>
    </ClInclude>
    <ClInclude Include="src\CFlat\Collections\Enumerable.Empty.h">
      <Filter>Header Files</Filter>
    </ClInclude>
    <ClInclude Include="src\CFlat\Collections\Enumerable.SingleObject.h">
      <Filter>Header Files</Filter>
    </ClInclude>
    <ClInclude Include="src\CFlat\Collections\Enumerable.SinglePointer.Enumerator.h">
      <Filter>Header Files</Filter>
    </ClInclude>
    <ClInclude Include="src\CFlat\Collections\Enumerable.SinglePointer.h">
      <Filter>Header Files</Filter>
    </ClInclude>
    <ClInclude Include="include\CFlat\IO\Path.h">
      <Filter>Header Files</Filter>
    </ClInclude>
    <ClInclude Include="include\CFlat\Language\Macros.h">
      <Filter>Header Files</Filter>
    </ClInclude>
  </ItemGroup>
  <ItemGroup>
    <ClCompile Include="src\CFlat\CString.c">
      <Filter>Source Files</Filter>
    </ClCompile>
    <ClCompile Include="src\CFlat\Memory.c">
      <Filter>Source Files</Filter>
    </ClCompile>
    <ClCompile Include="src\CFlat\Object.c">
      <Filter>Source Files</Filter>
    </ClCompile>
    <ClCompile Include="src\CFlat\String.c">
      <Filter>Source Files</Filter>
    </ClCompile>
    <ClCompile Include="src\CFlat\StringBuilder.c">
      <Filter>Source Files</Filter>
    </ClCompile>
    <ClCompile Include="src\CFlat\Language\Exceptions.c">
      <Filter>Source Files</Filter>
    </ClCompile>
    <ClCompile Include="src\CFlat\ExceptionType.c">
      <Filter>Source Files</Filter>
    </ClCompile>
    <ClCompile Include="src\CFlat\Math.c">
      <Filter>Source Files</Filter>
    </ClCompile>
    <ClCompile Include="src\CFlat\Language\Char.c">
      <Filter>Source Files</Filter>
    </ClCompile>
    <ClCompile Include="src\CFlat\Language\Float.c">
      <Filter>Source Files</Filter>
    </ClCompile>
    <ClCompile Include="src\CFlat\Language\Double.c">
      <Filter>Source Files</Filter>
    </ClCompile>
    <ClCompile Include="src\CFlat\Language\Integer.c">
      <Filter>Source Files</Filter>
    </ClCompile>
    <ClCompile Include="src\CFlat\Number.c">
      <Filter>Source Files</Filter>
    </ClCompile>
    <ClCompile Include="src\CFlat\Language\Assert.c">
      <Filter>Source Files</Filter>
    </ClCompile>
    <ClCompile Include="src\CFlat\Collections\IEnumerable.c">
      <Filter>Source Files</Filter>
    </ClCompile>
    <ClCompile Include="src\CFlat\Collections\IEnumerator.c">
      <Filter>Source Files</Filter>
    </ClCompile>
    <ClCompile Include="src\CFlat\Collections\List.c">
      <Filter>Source Files</Filter>
    </ClCompile>
    <ClCompile Include="src\CFlat\Collections\ICollection.c">
      <Filter>Source Files</Filter>
    </ClCompile>
    <ClCompile Include="src\CFlat\Collections\IList.c">
      <Filter>Source Files</Filter>
    </ClCompile>
    <ClCompile Include="src\CFlat\Number.NumberBuffer.c">
      <Filter>Source Files</Filter>
    </ClCompile>
    <ClCompile Include="src\CFlat\StringBuilder.AppendFormatStringV.c">
      <Filter>Source Files</Filter>
    </ClCompile>
    <ClCompile Include="src\CFlat\const_cast.c">
      <Filter>Source Files</Filter>
    </ClCompile>
    <ClCompile Include="src\CFlat\Collections\PointerList.c">
      <Filter>Source Files</Filter>
    </ClCompile>
    <ClCompile Include="src\CFlat\Collections\ObjectList.c">
      <Filter>Source Files</Filter>
    </ClCompile>
    <ClCompile Include="src\CFlat\IO\SeekOrigin.c">
      <Filter>Source Files</Filter>
    </ClCompile>
    <ClCompile Include="src\CFlat\IO\Stream.c">
      <Filter>Source Files</Filter>
    </ClCompile>
    <ClCompile Include="src\CFlat\IO\Stream.NullStream.c">
      <Filter>Source Files</Filter>
    </ClCompile>
    <ClCompile Include="src\CFlat\IO\StreamReader.c">
      <Filter>Source Files</Filter>
    </ClCompile>
    <ClCompile Include="src\CFlat\IO\StreamWriter.c">
      <Filter>Source Files</Filter>
    </ClCompile>
    <ClCompile Include="src\CFlat\IO\StringReader.c">
      <Filter>Source Files</Filter>
    </ClCompile>
    <ClCompile Include="src\CFlat\IO\StringWriter.c">
      <Filter>Source Files</Filter>
    </ClCompile>
    <ClCompile Include="src\CFlat\IO\TextReader.c">
      <Filter>Source Files</Filter>
    </ClCompile>
    <ClCompile Include="src\CFlat\IO\TextReader.NullTextReader.c">
      <Filter>Source Files</Filter>
    </ClCompile>
    <ClCompile Include="src\CFlat\IO\TextWriter.c">
      <Filter>Source Files</Filter>
    </ClCompile>
    <ClCompile Include="src\CFlat\IO\TextWriter.NullTextWriter.c">
      <Filter>Source Files</Filter>
    </ClCompile>
    <ClCompile Include="src\CFlat\Console.c">
      <Filter>Source Files</Filter>
    </ClCompile>
    <ClCompile Include="src\CFlat\Console.ConsoleStream.c">
      <Filter>Source Files</Filter>
    </ClCompile>
    <ClCompile Include="src\CFlat\IO\FileAccess.c">
      <Filter>Source Files</Filter>
    </ClCompile>
    <ClCompile Include="src\CFlat\IO\FileMode.c">
      <Filter>Source Files</Filter>
    </ClCompile>
    <ClCompile Include="src\CFlat\IO\FileStream.c">
      <Filter>Source Files</Filter>
    </ClCompile>
    <ClCompile Include="src\CFlat\IO\StreamReader.c">
      <Filter>Source Files</Filter>
    </ClCompile>
    <ClCompile Include="src\CFlat\IO\StreamWriter.c">
      <Filter>Source Files</Filter>
    </ClCompile>
    <ClCompile Include="src\CFlat\IO\StringWriter.c">
      <Filter>Source Files</Filter>
    </ClCompile>
    <ClCompile Include="src\CFlat\IO\TextReader.c">
      <Filter>Source Files</Filter>
    </ClCompile>
    <ClCompile Include="src\CFlat\IO\TextReader.NullTextReader.c">
      <Filter>Source Files</Filter>
    </ClCompile>
    <ClCompile Include="src\CFlat\IO\TextWriter.c">
      <Filter>Source Files</Filter>
    </ClCompile>
    <ClCompile Include="src\CFlat\IO\TextWriter.NullTextWriter.c">
      <Filter>Source Files</Filter>
    </ClCompile>
    <ClCompile Include="src\CFlat\Event.c">
      <Filter>Source Files</Filter>
    </ClCompile>
    <ClCompile Include="src\CFlat\Environment.c">
      <Filter>Source Files</Filter>
    </ClCompile>
    <ClCompile Include="src\CFlat\CFlatException.c">
      <Filter>Source Files</Filter>
    </ClCompile>
    <ClCompile Include="src\CFlat\Language\Bool.c">
      <Filter>Source Files</Filter>
    </ClCompile>
    <ClCompile Include="src\CFlat\StringEnumerator.c">
      <Filter>Source Files</Filter>
    </ClCompile>
    <ClCompile Include="src\CFlat\Collections\IReadOnlyCollection.c">
      <Filter>Source Files</Filter>
    </ClCompile>
    <ClCompile Include="src\CFlat\Collections\IReadOnlyList.c">
      <Filter>Source Files</Filter>
    </ClCompile>
    <ClCompile Include="src\CFlat\Language\Functions.c">
      <Filter>Source Files</Filter>
    </ClCompile>
    <ClCompile Include="src\CFlat\Collections\Array.c">
      <Filter>Source Files</Filter>
    </ClCompile>
    <ClCompile Include="src\CFlat\Collections\PointerArray.c">
      <Filter>Source Files</Filter>
    </ClCompile>
    <ClCompile Include="src\CFlat\Collections\ObjectArray.c">
      <Filter>Source Files</Filter>
    </ClCompile>
    <ClCompile Include="src\CFlat\Collections\ListEnumerator.c">
      <Filter>Source Files</Filter>
    </ClCompile>
    <ClCompile Include="src\CFlat\Collections\Enumerable.c">
      <Filter>Source Files</Filter>
    </ClCompile>
    <ClCompile Include="src\CFlat\Collections\Enumerable.ConcatMany.c">
      <Filter>Source Files</Filter>
    </ClCompile>
    <ClCompile Include="src\CFlat\Collections\Enumerable.ConcatMany.Enumerator.c">
      <Filter>Source Files</Filter>
    </ClCompile>
    <ClCompile Include="src\CFlat\Collections\Enumerable.ConcatTwo.c">
      <Filter>Source Files</Filter>
    </ClCompile>
    <ClCompile Include="src\CFlat\Collections\Enumerable.ConcatTwo.Enumerator.c">
      <Filter>Source Files</Filter>
    </ClCompile>
    <ClCompile Include="src\CFlat\Collections\Enumerable.Empty.c">
      <Filter>Source Files</Filter>
    </ClCompile>
    <ClCompile Include="src\CFlat\Collections\Enumerable.Empty.Enumerator.c">
      <Filter>Source Files</Filter>
    </ClCompile>
    <ClCompile Include="src\CFlat\Collections\Enumerable.SingleObject.c">
      <Filter>Source Files</Filter>
    </ClCompile>
    <ClCompile Include="src\CFlat\Collections\Enumerable.SinglePointer.c">
      <Filter>Source Files</Filter>
    </ClCompile>
    <ClCompile Include="src\CFlat\Collections\Enumerable.SinglePointer.Enumerator.c">
      <Filter>Source Files</Filter>
    </ClCompile>
    <ClCompile Include="src\CFlat\Language\Functions.c">
      <Filter>Source Files</Filter>
    </ClCompile>
    <ClCompile Include="src\CFlat\IO\Path.c">
      <Filter>Source Files</Filter>
    </ClCompile>
  </ItemGroup>
</Project>